
Microsoft Visual Studio Solution File, Format Version 11.00
# Visual Studio 2010
Project("{FAE04EC0-301F-11D3-BF4B-00C04F79EFBC}") = "Anamorphism", "Assembly-CSharp.csproj", "{50F8B364-166C-B45F-BFD9-BFFE63F7694F}"
EndProject
Project("{FAE04EC0-301F-11D3-BF4B-00C04F79EFBC}") = "Anamorphism", "Assembly-CSharp-Editor.csproj", "{5FECC62B-413B-A784-EE12-D6739362636D}"
EndProject
Global
	GlobalSection(SolutionConfigurationPlatforms) = preSolution
		Debug|Any CPU = Debug|Any CPU
		Release|Any CPU = Release|Any CPU
	EndGlobalSection
	GlobalSection(ProjectConfigurationPlatforms) = postSolution
		{50F8B364-166C-B45F-BFD9-BFFE63F7694F}.Debug|Any CPU.ActiveCfg = Debug|Any CPU
		{50F8B364-166C-B45F-BFD9-BFFE63F7694F}.Debug|Any CPU.Build.0 = Debug|Any CPU
		{50F8B364-166C-B45F-BFD9-BFFE63F7694F}.Release|Any CPU.ActiveCfg = Release|Any CPU
		{50F8B364-166C-B45F-BFD9-BFFE63F7694F}.Release|Any CPU.Build.0 = Release|Any CPU
		{5FECC62B-413B-A784-EE12-D6739362636D}.Debug|Any CPU.ActiveCfg = Debug|Any CPU
		{5FECC62B-413B-A784-EE12-D6739362636D}.Debug|Any CPU.Build.0 = Debug|Any CPU
		{5FECC62B-413B-A784-EE12-D6739362636D}.Release|Any CPU.ActiveCfg = Release|Any CPU
		{5FECC62B-413B-A784-EE12-D6739362636D}.Release|Any CPU.Build.0 = Release|Any CPU
	EndGlobalSection
	GlobalSection(SolutionProperties) = preSolution
		HideSolutionNode = FALSE
	EndGlobalSection
	GlobalSection(MonoDevelopProperties) = preSolution
		StartupItem = Assembly-CSharp.csproj
	EndGlobalSection
EndGlobal
